// !$*UTF8*$!
{
	archiveVersion = 1;
	classes = {
	};
	objectVersion = 46;
	objects = {

/* Begin PBXBuildFile section */
		79EC8C8D1E43C9A700AB21D1 /* main.cpp in Sources */ = {isa = PBXBuildFile; fileRef = 79EC8C8C1E43C9A700AB21D1 /* main.cpp */; };
		79EC8C951E43CF0E00AB21D1 /* StringController.cpp in Sources */ = {isa = PBXBuildFile; fileRef = 79EC8C931E43CF0E00AB21D1 /* StringController.cpp */; };
/* End PBXBuildFile section */

/* Begin PBXCopyFilesBuildPhase section */
		79EC8C871E43C9A700AB21D1 /* CopyFiles */ = {
			isa = PBXCopyFilesBuildPhase;
			buildActionMask = 2147483647;
			dstPath = /usr/share/man/man1/;
			dstSubfolderSpec = 0;
			files = (
			);
			runOnlyForDeploymentPostprocessing = 1;
		};
/* End PBXCopyFilesBuildPhase section */

/* Begin PBXFileReference section */
		79EC8C891E43C9A700AB21D1 /* StringsInC */ = {isa = PBXFileReference; explicitFileType = "compiled.mach-o.executable"; includeInIndex = 0; path = StringsInC; sourceTree = BUILT_PRODUCTS_DIR; };
		79EC8C8C1E43C9A700AB21D1 /* main.cpp */ = {isa = PBXFileReference; lastKnownFileType = sourcecode.cpp.cpp; path = main.cpp; sourceTree = "<group>"; };
		79EC8C931E43CF0E00AB21D1 /* StringController.cpp */ = {isa = PBXFileReference; fileEncoding = 4; lastKnownFileType = sourcecode.cpp.cpp; path = StringController.cpp; sourceTree = "<group>"; };
		79EC8C941E43CF0E00AB21D1 /* StringController.hpp */ = {isa = PBXFileReference; fileEncoding = 4; lastKnownFileType = sourcecode.cpp.h; path = StringController.hpp; sourceTree = "<group>"; };
/* End PBXFileReference section */

/* Begin PBXFrameworksBuildPhase section */
		79EC8C861E43C9A700AB21D1 /* Frameworks */ = {
			isa = PBXFrameworksBuildPhase;
			buildActionMask = 2147483647;
			files = (
			);
			runOnlyForDeploymentPostprocessing = 0;
		};
/* End PBXFrameworksBuildPhase section */

/* Begin PBXGroup section */
		79EC8C801E43C9A700AB21D1 = {
			isa = PBXGroup;
			children = (
				79EC8C8B1E43C9A700AB21D1 /* StringsInC */,
				79EC8C8A1E43C9A700AB21D1 /* Products */,
			);
			sourceTree = "<group>";
		};
		79EC8C8A1E43C9A700AB21D1 /* Products */ = {
			isa = PBXGroup;
			children = (
				79EC8C891E43C9A700AB21D1 /* StringsInC */,
			);
			name = Products;
			sourceTree = "<group>";
		};
		79EC8C8B1E43C9A700AB21D1 /* StringsInC */ = {
			isa = PBXGroup;
			children = (
				79EC8C8C1E43C9A700AB21D1 /* main.cpp */,
				79EC8C931E43CF0E00AB21D1 /* StringController.cpp */,
				79EC8C941E43CF0E00AB21D1 /* StringController.hpp */,
			);
			path = StringsInC;
			sourceTree = "<group>";
		};
/* End PBXGroup section */

/* Begin PBXNativeTarget section */
		79EC8C881E43C9A700AB21D1 /* StringsInC */ = {
			isa = PBXNativeTarget;
			buildConfigurationList = 79EC8C901E43C9A700AB21D1 /* Build configuration list for PBXNativeTarget "StringsInC" */;
			buildPhases = (
				79EC8C851E43C9A700AB21D1 /* Sources */,
				79EC8C861E43C9A700AB21D1 /* Frameworks */,
				79EC8C871E43C9A700AB21D1 /* CopyFiles */,
			);
			buildRules = (
			);
			dependencies = (
			);
			name = StringsInC;
			productName = StringsInC;
			productReference = 79EC8C891E43C9A700AB21D1 /* StringsInC */;
			productType = "com.apple.product-type.tool";
		};
/* End PBXNativeTarget section */

/* Begin PBXProject section */
		79EC8C811E43C9A700AB21D1 /* Project object */ = {
			isa = PBXProject;
			attributes = {
				LastUpgradeCheck = 0810;
				ORGANIZATIONNAME = "Morris, Seth";
				TargetAttributes = {
					79EC8C881E43C9A700AB21D1 = {
						CreatedOnToolsVersion = 8.1;
						ProvisioningStyle = Automatic;
					};
				};
			};
			buildConfigurationList = 79EC8C841E43C9A700AB21D1 /* Build configuration list for PBXProject "StringsInC" */;
			compatibilityVersion = "Xcode 3.2";
			developmentRegion = English;
			hasScannedForEncodings = 0;
			knownRegions = (
				en,
			);
			mainGroup = 79EC8C801E43C9A700AB21D1;
			productRefGroup = 79EC8C8A1E43C9A700AB21D1 /* Products */;
			projectDirPath = "";
			projectRoot = "";
			targets = (
				79EC8C881E43C9A700AB21D1 /* StringsInC */,
			);
		};
/* End PBXProject section */

/* Begin PBXSourcesBuildPhase section */
		79EC8C851E43C9A700AB21D1 /* Sources */ = {
			isa = PBXSourcesBuildPhase;
			buildActionMask = 2147483647;
			files = (
				79EC8C951E43CF0E00AB21D1 /* StringController.cpp in Sources */,
				79EC8C8D1E43C9A700AB21D1 /* main.cpp in Sources */,
			);
			runOnlyForDeploymentPostprocessing = 0;
		};
/* End PBXSourcesBuildPhase section */

/* Begin XCBuildConfiguration section */
		79EC8C8E1E43C9A700AB21D1 /* Debug */ = {
			isa = XCBuildConfiguration;
			buildSettings = {
				ALWAYS_SEARCH_USER_PATHS = NO;
				CLANG_ANALYZER_NONNULL = YES;
				CLANG_CXX_LANGUAGE_STANDARD = "gnu++0x";
				CLANG_CXX_LIBRARY = "libc++";
				CLANG_ENABLE_MODULES = YES;
				CLANG_ENABLE_OBJC_ARC = YES;
				CLANG_WARN_BOOL_CONVERSION = YES;
				CLANG_WARN_CONSTANT_CONVERSION = YES;
				CLANG_WARN_DIRECT_OBJC_ISA_USAGE = YES_ERROR;
				CLANG_WARN_DOCUMENTATION_COMMENTS = YES;
				CLANG_WARN_EMPTY_BODY = YES;
				CLANG_WARN_ENUM_CONVERSION = YES;
				CLANG_WARN_INFINITE_RECURSION = YES;
				CLANG_WARN_INT_CONVERSION = YES;
				CLANG_WARN_OBJC_ROOT_CLASS = YES_ERROR;
				CLANG_WARN_SUSPICIOUS_MOVES = YES;
				CLANG_WARN_UNREACHABLE_CODE = YES;
				CLANG_WARN__DUPLICATE_METHOD_MATCH = YES;
				CODE_SIGN_IDENTITY = "-";
				COPY_PHASE_STRIP = NO;
				DEBUG_INFORMATION_FORMAT = dwarf;
				ENABLE_STRICT_OBJC_MSGSEND = YES;
				ENABLE_TESTABILITY = YES;
				GCC_C_LANGUAGE_STANDARD = gnu99;
				GCC_DYNAMIC_NO_PIC = NO;
				GCC_NO_COMMON_BLOCKS = YES;
				GCC_OPTIMIZATION_LEVEL = 0;
				GCC_PREPROCESSOR_DEFINITIONS = (
					"DEBUG=1",
					"$(inherited)",
				);
				GCC_WARN_64_TO_32_BIT_CONVERSION = YES;
				GCC_WARN_ABOUT_RETURN_TYPE = YES_ERROR;
				GCC_WARN_UNDECLARED_SELECTOR = YES;
				GCC_WARN_UNINITIALIZED_AUTOS = YES_AGGRESSIVE;
				GCC_WARN_UNUSED_FUNCTION = YES;
				GCC_WARN_UNUSED_VARIABLE = YES;
				MACOSX_DEPLOYMENT_TARGET = 10.11;
				MTL_ENABLE_DEBUG_INFO = YES;
				ONLY_ACTIVE_ARCH = YES;
				SDKROOT = macosx;
			};
			name = Debug;
		};
		79EC8C8F1E43C9A700AB21D1 /* Release */ = {
			isa = XCBuildConfiguration;
			buildSettings = {
				ALWAYS_SEARCH_USER_PATHS = NO;
				CLANG_ANALYZER_NONNULL = YES;
				CLANG_CXX_LANGUAGE_STANDARD = "gnu++0x";
				CLANG_CXX_LIBRARY = "libc++";
				CLANG_ENABLE_MODULES = YES;
				CLANG_ENABLE_OBJC_ARC = YES;
				CLANG_WARN_BOOL_CONVERSION = YES;
				CLANG_WARN_CONSTANT_CONVERSION = YES;
				CLANG_WARN_DIRECT_OBJC_ISA_USAGE = YES_ERROR;
				CLANG_WARN_DOCUMENTATION_COMMENTS = YES;
				CLANG_WARN_EMPTY_BODY = YES;
				CLANG_WARN_ENUM_CONVERSION = YES;
				CLANG_WARN_INFINITE_RECURSION = YES;
				CLANG_WARN_INT_CONVERSION = YES;
				CLANG_WARN_OBJC_ROOT_CLASS = YES_ERROR;
				CLANG_WARN_SUSPICIOUS_MOVES = YES;
				CLANG_WARN_UNREACHABLE_CODE = YES;
				CLANG_WARN__DUPLICATE_METHOD_MATCH = YES;
				CODE_SIGN_IDENTITY = "-";
				COPY_PHASE_STRIP = NO;
				DEBUG_INFORMATION_FORMAT = "dwarf-with-dsym";
				ENABLE_NS_ASSERTIONS = NO;
				ENABLE_STRICT_OBJC_MSGSEND = YES;
				GCC_C_LANGUAGE_STANDARD = gnu99;
				GCC_NO_COMMON_BLOCKS = YES;
				GCC_WARN_64_TO_32_BIT_CONVERSION = YES;
				GCC_WARN_ABOUT_RETURN_TYPE = YES_ERROR;
				GCC_WARN_UNDECLARED_SELECTOR = YES;
				GCC_WARN_UNINITIALIZED_AUTOS = YES_AGGRESSIVE;
				GCC_WARN_UNUSED_FUNCTION = YES;
				GCC_WARN_UNUSED_VARIABLE = YES;
				MACOSX_DEPLOYMENT_TARGET = 10.11;
				MTL_ENABLE_DEBUG_INFO = NO;
				SDKROOT = macosx;
			};
			name = Release;
		};
		79EC8C911E43C9A700AB21D1 /* Debug */ = {
			isa = XCBuildConfiguration;
			buildSettings = {
				PRODUCT_NAME = "$(TARGET_NAME)";
			};
			name = Debug;
		};
		79EC8C921E43C9A700AB21D1 /* Release */ = {
			isa = XCBuildConfiguration;
			buildSettings = {
				PRODUCT_NAME = "$(TARGET_NAME)";
			};
			name = Release;
		};
/* End XCBuildConfiguration section */

/* Begin XCConfigurationList section */
		79EC8C841E43C9A700AB21D1 /* Build configuration list for PBXProject "StringsInC" */ = {
			isa = XCConfigurationList;
			buildConfigurations = (
				79EC8C8E1E43C9A700AB21D1 /* Debug */,
				79EC8C8F1E43C9A700AB21D1 /* Release */,
			);
			defaultConfigurationIsVisible = 0;
			defaultConfigurationName = Release;
		};
		79EC8C901E43C9A700AB21D1 /* Build configuration list for PBXNativeTarget "StringsInC" */ = {
			isa = XCConfigurationList;
			buildConfigurations = (
				79EC8C911E43C9A700AB21D1 /* Debug */,
				79EC8C921E43C9A700AB21D1 /* Release */,
			);
			defaultConfigurationIsVisible = 0;
		};
/* End XCConfigurationList section */
	};
	rootObject = 79EC8C811E43C9A700AB21D1 /* Project object */;
}
